
Microsoft Visual Studio Solution File, Format Version 12.00
# Visual Studio Version 17
VisualStudioVersion = 17.2.32602.215
MinimumVisualStudioVersion = 10.0.40219.1
Project("{9A19103F-16F7-4668-BE54-9A1E7A4F7556}") = "Faluf.Portfolio.Blazor", "Faluf.Portfolio.Blazor\Faluf.Portfolio.Blazor.csproj", "{73550AB1-EDCE-4D84-B5B8-214A61FAAB67}"
EndProject
Project("{9A19103F-16F7-4668-BE54-9A1E7A4F7556}") = "Faluf.Portfolio.API", "Faluf.Portfolio.API\Faluf.Portfolio.API.csproj", "{545E02FF-2689-4222-9A0A-E5C5F80D97D9}"
EndProject
Project("{9A19103F-16F7-4668-BE54-9A1E7A4F7556}") = "Faluf.Portfolio.Core", "Faluf.Portfolio.Core\Faluf.Portfolio.Core.csproj", "{77A5BE70-4196-4B71-8D96-83158D6096E7}"
EndProject
Project("{9A19103F-16F7-4668-BE54-9A1E7A4F7556}") = "Faluf.Portfolio.Infrastructure", "Faluf.Portfolio.Infrastructure\Faluf.Portfolio.Infrastructure.csproj", "{A740F936-FACC-4071-8CE6-36A25B325947}"
EndProject
Project("{9A19103F-16F7-4668-BE54-9A1E7A4F7556}") = "Faluf.Portfolio.IdentityServer", "Faluf.Portfolio.IdentityServer\Faluf.Portfolio.IdentityServer.csproj", "{0C6DE1B8-91FE-46AB-85EE-89E42109D1E7}"
EndProject
Global
	GlobalSection(SolutionConfigurationPlatforms) = preSolution
		Debug|Any CPU = Debug|Any CPU
		Release|Any CPU = Release|Any CPU
	EndGlobalSection
	GlobalSection(ProjectConfigurationPlatforms) = postSolution
		{73550AB1-EDCE-4D84-B5B8-214A61FAAB67}.Debug|Any CPU.ActiveCfg = Debug|Any CPU
		{73550AB1-EDCE-4D84-B5B8-214A61FAAB67}.Debug|Any CPU.Build.0 = Debug|Any CPU
		{73550AB1-EDCE-4D84-B5B8-214A61FAAB67}.Release|Any CPU.ActiveCfg = Release|Any CPU
		{73550AB1-EDCE-4D84-B5B8-214A61FAAB67}.Release|Any CPU.Build.0 = Release|Any CPU
		{545E02FF-2689-4222-9A0A-E5C5F80D97D9}.Debug|Any CPU.ActiveCfg = Debug|Any CPU
		{545E02FF-2689-4222-9A0A-E5C5F80D97D9}.Debug|Any CPU.Build.0 = Debug|Any CPU
		{545E02FF-2689-4222-9A0A-E5C5F80D97D9}.Release|Any CPU.ActiveCfg = Release|Any CPU
		{545E02FF-2689-4222-9A0A-E5C5F80D97D9}.Release|Any CPU.Build.0 = Release|Any CPU
		{77A5BE70-4196-4B71-8D96-83158D6096E7}.Debug|Any CPU.ActiveCfg = Debug|Any CPU
		{77A5BE70-4196-4B71-8D96-83158D6096E7}.Debug|Any CPU.Build.0 = Debug|Any CPU
		{77A5BE70-4196-4B71-8D96-83158D6096E7}.Release|Any CPU.ActiveCfg = Release|Any CPU
		{77A5BE70-4196-4B71-8D96-83158D6096E7}.Release|Any CPU.Build.0 = Release|Any CPU
		{A740F936-FACC-4071-8CE6-36A25B325947}.Debug|Any CPU.ActiveCfg = Debug|Any CPU
		{A740F936-FACC-4071-8CE6-36A25B325947}.Debug|Any CPU.Build.0 = Debug|Any CPU
		{A740F936-FACC-4071-8CE6-36A25B325947}.Release|Any CPU.ActiveCfg = Release|Any CPU
		{A740F936-FACC-4071-8CE6-36A25B325947}.Release|Any CPU.Build.0 = Release|Any CPU
		{0C6DE1B8-91FE-46AB-85EE-89E42109D1E7}.Debug|Any CPU.ActiveCfg = Debug|Any CPU
		{0C6DE1B8-91FE-46AB-85EE-89E42109D1E7}.Debug|Any CPU.Build.0 = Debug|Any CPU
		{0C6DE1B8-91FE-46AB-85EE-89E42109D1E7}.Release|Any CPU.ActiveCfg = Release|Any CPU
		{0C6DE1B8-91FE-46AB-85EE-89E42109D1E7}.Release|Any CPU.Build.0 = Release|Any CPU
	EndGlobalSection
	GlobalSection(SolutionProperties) = preSolution
		HideSolutionNode = FALSE
	EndGlobalSection
	GlobalSection(ExtensibilityGlobals) = postSolution
		SolutionGuid = {57FCB247-1F3C-40AC-996B-B905B962012E}
	EndGlobalSection
EndGlobal
